PODS:
  - AppCenter (1.9.0):
    - AppCenter/Analytics (= 1.9.0)
    - AppCenter/Crashes (= 1.9.0)
  - AppCenter/Analytics (1.9.0):
    - AppCenter/Core
  - AppCenter/Core (1.9.0)
  - AppCenter/Crashes (1.9.0):
    - AppCenter/Core
  - DZNEmptyDataSet (1.8.1)
  - RxCocoa (4.3.1):
    - RxSwift (~> 4.0)
  - RxSwift (4.3.1)
  - SkeletonView (1.4.1)
  - SwiftLint (0.28.2)

DEPENDENCIES:
  - AppCenter (= 1.9.0)
  - DZNEmptyDataSet (= 1.8.1)
  - RxCocoa (= 4.3.1)
  - RxSwift (= 4.3.1)
  - SkeletonView (= 1.4.1)
  - SwiftLint (= 0.28.2)

SPEC REPOS:
  https://github.com/cocoapods/specs.git:
    - AppCenter
    - DZNEmptyDataSet
    - RxCocoa
    - RxSwift
    - SkeletonView
    - SwiftLint

SPEC CHECKSUMS:
  AppCenter: 3cf7b9387549e9703dab068793e404013e8c0cc1
  DZNEmptyDataSet: 9525833b9e68ac21c30253e1d3d7076cc828eaa7
  RxCocoa: 78763c7b07d02455598d9fc3c1ad091a28b73635
  RxSwift: fe0fd770a43acdb7d0a53da411c9b892e69bb6e4
  SkeletonView: 60d6ce7edb0cb4c7758db33c74add50392b3c475
  SwiftLint: f1629ae733b64e9cad20052de01d1debd5b640e7

PODFILE CHECKSUM: aa613aaa0d6f3592268f0f602d57390304257b34

COCOAPODS: 1.5.3
